
Microsoft Visual Studio Solution File, Format Version 12.00
# Visual Studio Version 17
VisualStudioVersion = 17.14.36429.23 d17.14
MinimumVisualStudioVersion = 10.0.40219.1
Project("{FAE04EC0-301F-11D3-BF4B-00C04F79EFBC}") = "Calculator_Stephen", "Calculator_Stephen\Calculator_Stephen.csproj", "{53B5138A-AC19-420F-8883-BA29294D16D3}"
EndProject
Global
	GlobalSection(SolutionConfigurationPlatforms) = preSolution
		Debug|Any CPU = Debug|Any CPU
		Release|Any CPU = Release|Any CPU
	EndGlobalSection
	GlobalSection(ProjectConfigurationPlatforms) = postSolution
		{53B5138A-AC19-420F-8883-BA29294D16D3}.Debug|Any CPU.ActiveCfg = Debug|Any CPU
		{53B5138A-AC19-420F-8883-BA29294D16D3}.Debug|Any CPU.Build.0 = Debug|Any CPU
		{53B5138A-AC19-420F-8883-BA29294D16D3}.Release|Any CPU.ActiveCfg = Release|Any CPU
		{53B5138A-AC19-420F-8883-BA29294D16D3}.Release|Any CPU.Build.0 = Release|Any CPU
	EndGlobalSection
	GlobalSection(SolutionProperties) = preSolution
		HideSolutionNode = FALSE
	EndGlobalSection
	GlobalSection(ExtensibilityGlobals) = postSolution
		SolutionGuid = {0D17F32A-738A-44C0-B07F-A5974BAD153B}
	EndGlobalSection
EndGlobal
